// !$*UTF8*$!
{
	archiveVersion = 1;
	classes = {
	};
	objectVersion = 46;
	objects = {

/* Begin PBXBuildFile section */
		002C04261C454AAB005CC374 /* FormValidatorSwift.h in Headers */ = {isa = PBXBuildFile; fileRef = 002C04241C454AAB005CC374 /* FormValidatorSwift.h */; settings = {ATTRIBUTES = (Public, ); }; };
		0032C0F31C454D8F0023DB19 /* Localizable.strings in Resources */ = {isa = PBXBuildFile; fileRef = 0032C0F51C454D8F0023DB19 /* Localizable.strings */; };
		0032C1071C454F4E0023DB19 /* Condition.swift in Sources */ = {isa = PBXBuildFile; fileRef = 0032C1061C454F4E0023DB19 /* Condition.swift */; };
		0032C10A1C4555200023DB19 /* AlphabeticCondition.swift in Sources */ = {isa = PBXBuildFile; fileRef = 0032C1091C4555200023DB19 /* AlphabeticCondition.swift */; };
		0032C10D1C45594E0023DB19 /* AlphabeticConditionTests.swift in Sources */ = {isa = PBXBuildFile; fileRef = 0032C10C1C45594E0023DB19 /* AlphabeticConditionTests.swift */; };
		003698321C46DE1E004D1692 /* AlphabeticValidatorTests.swift in Sources */ = {isa = PBXBuildFile; fileRef = 003698311C46DE1E004D1692 /* AlphabeticValidatorTests.swift */; };
		003698351C46E24C004D1692 /* ValidatorControl.swift in Sources */ = {isa = PBXBuildFile; fileRef = 003698341C46E24C004D1692 /* ValidatorControl.swift */; };
		003698371C46E3BE004D1692 /* ValidatorTextField.swift in Sources */ = {isa = PBXBuildFile; fileRef = 003698361C46E3BE004D1692 /* ValidatorTextField.swift */; };
		003E061F1C463CEB008D47F2 /* AlphanumericCondition.swift in Sources */ = {isa = PBXBuildFile; fileRef = 003E061E1C463CEB008D47F2 /* AlphanumericCondition.swift */; };
		003E06221C463DB1008D47F2 /* AlphanumericConditionTests.swift in Sources */ = {isa = PBXBuildFile; fileRef = 003E06201C463DA1008D47F2 /* AlphanumericConditionTests.swift */; };
		003E06251C463E84008D47F2 /* XCTestCase+Additions.swift in Sources */ = {isa = PBXBuildFile; fileRef = 003E06241C463E84008D47F2 /* XCTestCase+Additions.swift */; };
		003E06271C46413C008D47F2 /* Validator.swift in Sources */ = {isa = PBXBuildFile; fileRef = 003E06261C46413C008D47F2 /* Validator.swift */; };
		003E06291C4648E5008D47F2 /* AlphabeticValidator.swift in Sources */ = {isa = PBXBuildFile; fileRef = 003E06281C4648E5008D47F2 /* AlphabeticValidator.swift */; };
		0049139C1C47AC8200471F53 /* AlphanumericValidator.swift in Sources */ = {isa = PBXBuildFile; fileRef = 0049139B1C47AC8200471F53 /* AlphanumericValidator.swift */; };
		0049139E1C47ADCA00471F53 /* EmailValidator.swift in Sources */ = {isa = PBXBuildFile; fileRef = 0049139D1C47ADCA00471F53 /* EmailValidator.swift */; };
		004913A01C47AE0700471F53 /* NumericValidator.swift in Sources */ = {isa = PBXBuildFile; fileRef = 0049139F1C47AE0700471F53 /* NumericValidator.swift */; };
		004913A21C47AE5D00471F53 /* PostcodeUKValidator.swift in Sources */ = {isa = PBXBuildFile; fileRef = 004913A11C47AE5D00471F53 /* PostcodeUKValidator.swift */; };
		004913A41C47AE9F00471F53 /* PresentValidator.swift in Sources */ = {isa = PBXBuildFile; fileRef = 004913A31C47AE9F00471F53 /* PresentValidator.swift */; };
		004913A81C47B08C00471F53 /* PasswordStrengthValidator.swift in Sources */ = {isa = PBXBuildFile; fileRef = 004913A71C47B08C00471F53 /* PasswordStrengthValidator.swift */; };
		004913AA1C47B0F200471F53 /* RangeValidator.swift in Sources */ = {isa = PBXBuildFile; fileRef = 004913A91C47B0F200471F53 /* RangeValidator.swift */; };
		004913AC1C47B13000471F53 /* URLValidator.swift in Sources */ = {isa = PBXBuildFile; fileRef = 004913AB1C47B13000471F53 /* URLValidator.swift */; };
		004913AE1C47B15D00471F53 /* URLShorthandValidator.swift in Sources */ = {isa = PBXBuildFile; fileRef = 004913AD1C47B15D00471F53 /* URLShorthandValidator.swift */; };
		004913B01C47B1B400471F53 /* CompositeValidator.swift in Sources */ = {isa = PBXBuildFile; fileRef = 004913AF1C47B1B400471F53 /* CompositeValidator.swift */; };
		004913B41C47B3EA00471F53 /* Validatable.swift in Sources */ = {isa = PBXBuildFile; fileRef = 004913B31C47B3EA00471F53 /* Validatable.swift */; };
		004913B71C47BB9800471F53 /* Form.swift in Sources */ = {isa = PBXBuildFile; fileRef = 004913B61C47BB9800471F53 /* Form.swift */; };
		004913B91C47BEEC00471F53 /* ValidatorTextView.swift in Sources */ = {isa = PBXBuildFile; fileRef = 004913B81C47BEEC00471F53 /* ValidatorTextView.swift */; };
		004913BB1C47C4A600471F53 /* AlphanumericValidatorTests.swift in Sources */ = {isa = PBXBuildFile; fileRef = 004913BA1C47C4A600471F53 /* AlphanumericValidatorTests.swift */; };
		004913BD1C47C56900471F53 /* EmailValidatorTests.swift in Sources */ = {isa = PBXBuildFile; fileRef = 004913BC1C47C56900471F53 /* EmailValidatorTests.swift */; };
		004913BF1C47C62200471F53 /* PostcodeUKValidatorTests.swift in Sources */ = {isa = PBXBuildFile; fileRef = 004913BE1C47C62200471F53 /* PostcodeUKValidatorTests.swift */; };
		004913C11C47C68400471F53 /* RangeValidatorTests.swift in Sources */ = {isa = PBXBuildFile; fileRef = 004913C01C47C68400471F53 /* RangeValidatorTests.swift */; };
		004913C31C47C6F900471F53 /* PasswordStrengthValidatorTests.swift in Sources */ = {isa = PBXBuildFile; fileRef = 004913C21C47C6F900471F53 /* PasswordStrengthValidatorTests.swift */; };
		004913C51C47C74400471F53 /* PresentValidatorTests.swift in Sources */ = {isa = PBXBuildFile; fileRef = 004913C41C47C74400471F53 /* PresentValidatorTests.swift */; };
		004913C71C47C7A700471F53 /* URLValidatorTests.swift in Sources */ = {isa = PBXBuildFile; fileRef = 004913C61C47C7A700471F53 /* URLValidatorTests.swift */; };
		004913C91C47C7E500471F53 /* URLShorthandValidatorTests.swift in Sources */ = {isa = PBXBuildFile; fileRef = 004913C81C47C7E500471F53 /* URLShorthandValidatorTests.swift */; };
		004913CB1C47C85400471F53 /* NumericValidatorTests.swift in Sources */ = {isa = PBXBuildFile; fileRef = 004913CA1C47C85400471F53 /* NumericValidatorTests.swift */; };
		005675551C47DD48005A43F0 /* CompositeValidatorTests.swift in Sources */ = {isa = PBXBuildFile; fileRef = 005675541C47DD48005A43F0 /* CompositeValidatorTests.swift */; };
		0062E9DB1C45493E00021C0A /* FormValidatorSwift.framework in Frameworks */ = {isa = PBXBuildFile; fileRef = 0062E9D01C45493E00021C0A /* FormValidatorSwift.framework */; };
		0094D6741C46931800145F5C /* Localization.swift in Sources */ = {isa = PBXBuildFile; fileRef = 0094D6731C46931800145F5C /* Localization.swift */; };
		0094D6761C4696F400145F5C /* EmailCondition.swift in Sources */ = {isa = PBXBuildFile; fileRef = 0094D6751C4696F400145F5C /* EmailCondition.swift */; };
		0094D6791C46979300145F5C /* EmailConditionTests.swift in Sources */ = {isa = PBXBuildFile; fileRef = 0094D6771C46976500145F5C /* EmailConditionTests.swift */; };
		0094D67B1C4698CE00145F5C /* NumericCondition.swift in Sources */ = {isa = PBXBuildFile; fileRef = 0094D67A1C4698CE00145F5C /* NumericCondition.swift */; };
		0094D67D1C46992C00145F5C /* NumericConditionTests.swift in Sources */ = {isa = PBXBuildFile; fileRef = 0094D67C1C46992C00145F5C /* NumericConditionTests.swift */; };
		0094D67F1C469A0E00145F5C /* PostcodeUKCondition.swift in Sources */ = {isa = PBXBuildFile; fileRef = 0094D67E1C469A0E00145F5C /* PostcodeUKCondition.swift */; };
		0094D6821C469A9700145F5C /* PostcodeUKConditionTests.swift in Sources */ = {isa = PBXBuildFile; fileRef = 0094D6801C469A7900145F5C /* PostcodeUKConditionTests.swift */; };
		0094D6841C469BA500145F5C /* URLCondition.swift in Sources */ = {isa = PBXBuildFile; fileRef = 0094D6831C469BA500145F5C /* URLCondition.swift */; };
		0094D6861C469C2A00145F5C /* URLShorthandCondition.swift in Sources */ = {isa = PBXBuildFile; fileRef = 0094D6851C469C2A00145F5C /* URLShorthandCondition.swift */; };
		0094D6881C469C8D00145F5C /* URLConditionTests.swift in Sources */ = {isa = PBXBuildFile; fileRef = 0094D6871C469C8D00145F5C /* URLConditionTests.swift */; };
		0094D68A1C469D5200145F5C /* URLShorthandConditionTests.swift in Sources */ = {isa = PBXBuildFile; fileRef = 0094D6891C469D5200145F5C /* URLShorthandConditionTests.swift */; };
		0094D6991C46B37900145F5C /* RangeCondition.swift in Sources */ = {isa = PBXBuildFile; fileRef = 0094D6981C46B37900145F5C /* RangeCondition.swift */; };
		0094D69B1C46B38200145F5C /* OrCondition.swift in Sources */ = {isa = PBXBuildFile; fileRef = 0094D69A1C46B38200145F5C /* OrCondition.swift */; };
		0094D69D1C46B38E00145F5C /* RangeConditionTests.swift in Sources */ = {isa = PBXBuildFile; fileRef = 0094D69C1C46B38E00145F5C /* RangeConditionTests.swift */; };
		0094D69F1C46B39800145F5C /* OrConditionTests.swift in Sources */ = {isa = PBXBuildFile; fileRef = 0094D69E1C46B39800145F5C /* OrConditionTests.swift */; };
		00F2E2D61C46C42F00FE0B66 /* AndCondition.swift in Sources */ = {isa = PBXBuildFile; fileRef = 00F2E2D51C46C42F00FE0B66 /* AndCondition.swift */; };
		00F2E2D81C46C47700FE0B66 /* AndConditionTests.swift in Sources */ = {isa = PBXBuildFile; fileRef = 00F2E2D71C46C47700FE0B66 /* AndConditionTests.swift */; };
		00F2E2DA1C46C53500FE0B66 /* NotCondition.swift in Sources */ = {isa = PBXBuildFile; fileRef = 00F2E2D91C46C53500FE0B66 /* NotCondition.swift */; };
		00F2E2DC1C46C57800FE0B66 /* NotConditionTests.swift in Sources */ = {isa = PBXBuildFile; fileRef = 00F2E2DB1C46C57800FE0B66 /* NotConditionTests.swift */; };
		00F2E2DE1C46C69D00FE0B66 /* PresentCondition.swift in Sources */ = {isa = PBXBuildFile; fileRef = 00F2E2DD1C46C69D00FE0B66 /* PresentCondition.swift */; };
		00F2E2E01C46C6F400FE0B66 /* PresentConditionTests.swift in Sources */ = {isa = PBXBuildFile; fileRef = 00F2E2DF1C46C6F400FE0B66 /* PresentConditionTests.swift */; };
		00F2E2E21C46C7B500FE0B66 /* PasswordStrengthCondition.swift in Sources */ = {isa = PBXBuildFile; fileRef = 00F2E2E11C46C7B500FE0B66 /* PasswordStrengthCondition.swift */; };
		00F2E2E41C46CBC200FE0B66 /* PasswordStrengthConditionTests.swift in Sources */ = {isa = PBXBuildFile; fileRef = 00F2E2E31C46CBC200FE0B66 /* PasswordStrengthConditionTests.swift */; };
/* End PBXBuildFile section */

/* Begin PBXContainerItemProxy section */
		0062E9DC1C45493E00021C0A /* PBXContainerItemProxy */ = {
			isa = PBXContainerItemProxy;
			containerPortal = 0062E9C71C45493E00021C0A /* Project object */;
			proxyType = 1;
			remoteGlobalIDString = 0062E9CF1C45493E00021C0A;
			remoteInfo = FormValidatorSwift;
		};
/* End PBXContainerItemProxy section */

/* Begin PBXFileReference section */
		002C04241C454AAB005CC374 /* FormValidatorSwift.h */ = {isa = PBXFileReference; fileEncoding = 4; lastKnownFileType = sourcecode.c.h; path = FormValidatorSwift.h; sourceTree = "<group>"; };
		002C04251C454AAB005CC374 /* Info.plist */ = {isa = PBXFileReference; fileEncoding = 4; lastKnownFileType = text.plist.xml; path = Info.plist; sourceTree = "<group>"; };
		002C042A1C454AD9005CC374 /* Info.plist */ = {isa = PBXFileReference; fileEncoding = 4; lastKnownFileType = text.plist.xml; path = Info.plist; sourceTree = "<group>"; };
		0032C0F41C454D8F0023DB19 /* en */ = {isa = PBXFileReference; lastKnownFileType = text.plist.strings; name = en; path = en.lproj/Localizable.strings; sourceTree = "<group>"; };
		0032C0F61C454D900023DB19 /* da */ = {isa = PBXFileReference; lastKnownFileType = text.plist.strings; name = da; path = da.lproj/Localizable.strings; sourceTree = "<group>"; };
		0032C0F71C454D910023DB19 /* fr */ = {isa = PBXFileReference; lastKnownFileType = text.plist.strings; name = fr; path = fr.lproj/Localizable.strings; sourceTree = "<group>"; };
		0032C0F81C454D920023DB19 /* de */ = {isa = PBXFileReference; lastKnownFileType = text.plist.strings; name = de; path = de.lproj/Localizable.strings; sourceTree = "<group>"; };
		0032C0F91C454D930023DB19 /* ru */ = {isa = PBXFileReference; lastKnownFileType = text.plist.strings; name = ru; path = ru.lproj/Localizable.strings; sourceTree = "<group>"; };
		0032C0FA1C454D940023DB19 /* sv */ = {isa = PBXFileReference; lastKnownFileType = text.plist.strings; name = sv; path = sv.lproj/Localizable.strings; sourceTree = "<group>"; };
		0032C0FB1C454D940023DB19 /* ro */ = {isa = PBXFileReference; lastKnownFileType = text.plist.strings; name = ro; path = ro.lproj/Localizable.strings; sourceTree = "<group>"; };
		0032C0FC1C454D950023DB19 /* pt-PT */ = {isa = PBXFileReference; lastKnownFileType = text.plist.strings; name = "pt-PT"; path = "pt-PT.lproj/Localizable.strings"; sourceTree = "<group>"; };
		0032C0FD1C454D950023DB19 /* nb */ = {isa = PBXFileReference; lastKnownFileType = text.plist.strings; name = nb; path = nb.lproj/Localizable.strings; sourceTree = "<group>"; };
		0032C0FE1C454D960023DB19 /* pl */ = {isa = PBXFileReference; lastKnownFileType = text.plist.strings; name = pl; path = pl.lproj/Localizable.strings; sourceTree = "<group>"; };
		0032C0FF1C454D970023DB19 /* ko */ = {isa = PBXFileReference; lastKnownFileType = text.plist.strings; name = ko; path = ko.lproj/Localizable.strings; sourceTree = "<group>"; };
		0032C1001C454D980023DB19 /* ja */ = {isa = PBXFileReference; lastKnownFileType = text.plist.strings; name = ja; path = ja.lproj/Localizable.strings; sourceTree = "<group>"; };
		0032C1011C454D990023DB19 /* it */ = {isa = PBXFileReference; lastKnownFileType = text.plist.strings; name = it; path = it.lproj/Localizable.strings; sourceTree = "<group>"; };
		0032C1061C454F4E0023DB19 /* Condition.swift */ = {isa = PBXFileReference; fileEncoding = 4; lastKnownFileType = sourcecode.swift; path = Condition.swift; sourceTree = "<group>"; };
		0032C1091C4555200023DB19 /* AlphabeticCondition.swift */ = {isa = PBXFileReference; fileEncoding = 4; lastKnownFileType = sourcecode.swift; path = AlphabeticCondition.swift; sourceTree = "<group>"; };
		0032C10C1C45594E0023DB19 /* AlphabeticConditionTests.swift */ = {isa = PBXFileReference; fileEncoding = 4; lastKnownFileType = sourcecode.swift; path = AlphabeticConditionTests.swift; sourceTree = "<group>"; };
		003698311C46DE1E004D1692 /* AlphabeticValidatorTests.swift */ = {isa = PBXFileReference; fileEncoding = 4; lastKnownFileType = sourcecode.swift; path = AlphabeticValidatorTests.swift; sourceTree = "<group>"; };
		003698341C46E24C004D1692 /* ValidatorControl.swift */ = {isa = PBXFileReference; fileEncoding = 4; lastKnownFileType = sourcecode.swift; path = ValidatorControl.swift; sourceTree = "<group>"; };
		003698361C46E3BE004D1692 /* ValidatorTextField.swift */ = {isa = PBXFileReference; fileEncoding = 4; lastKnownFileType = sourcecode.swift; path = ValidatorTextField.swift; sourceTree = "<group>"; };
		003E061E1C463CEB008D47F2 /* AlphanumericCondition.swift */ = {isa = PBXFileReference; fileEncoding = 4; lastKnownFileType = sourcecode.swift; path = AlphanumericCondition.swift; sourceTree = "<group>"; };
		003E06201C463DA1008D47F2 /* AlphanumericConditionTests.swift */ = {isa = PBXFileReference; fileEncoding = 4; lastKnownFileType = sourcecode.swift; path = AlphanumericConditionTests.swift; sourceTree = "<group>"; };
		003E06241C463E84008D47F2 /* XCTestCase+Additions.swift */ = {isa = PBXFileReference; fileEncoding = 4; lastKnownFileType = sourcecode.swift; path = "XCTestCase+Additions.swift"; sourceTree = "<group>"; };
		003E06261C46413C008D47F2 /* Validator.swift */ = {isa = PBXFileReference; fileEncoding = 4; lastKnownFileType = sourcecode.swift; path = Validator.swift; sourceTree = "<group>"; };
		003E06281C4648E5008D47F2 /* AlphabeticValidator.swift */ = {isa = PBXFileReference; fileEncoding = 4; lastKnownFileType = sourcecode.swift; path = AlphabeticValidator.swift; sourceTree = "<group>"; };
		0049139B1C47AC8200471F53 /* AlphanumericValidator.swift */ = {isa = PBXFileReference; fileEncoding = 4; lastKnownFileType = sourcecode.swift; path = AlphanumericValidator.swift; sourceTree = "<group>"; };
		0049139D1C47ADCA00471F53 /* EmailValidator.swift */ = {isa = PBXFileReference; fileEncoding = 4; lastKnownFileType = sourcecode.swift; path = EmailValidator.swift; sourceTree = "<group>"; };
		0049139F1C47AE0700471F53 /* NumericValidator.swift */ = {isa = PBXFileReference; fileEncoding = 4; lastKnownFileType = sourcecode.swift; path = NumericValidator.swift; sourceTree = "<group>"; };
		004913A11C47AE5D00471F53 /* PostcodeUKValidator.swift */ = {isa = PBXFileReference; fileEncoding = 4; lastKnownFileType = sourcecode.swift; path = PostcodeUKValidator.swift; sourceTree = "<group>"; };
		004913A31C47AE9F00471F53 /* PresentValidator.swift */ = {isa = PBXFileReference; fileEncoding = 4; lastKnownFileType = sourcecode.swift; path = PresentValidator.swift; sourceTree = "<group>"; };
		004913A71C47B08C00471F53 /* PasswordStrengthValidator.swift */ = {isa = PBXFileReference; fileEncoding = 4; lastKnownFileType = sourcecode.swift; path = PasswordStrengthValidator.swift; sourceTree = "<group>"; };
		004913A91C47B0F200471F53 /* RangeValidator.swift */ = {isa = PBXFileReference; fileEncoding = 4; lastKnownFileType = sourcecode.swift; path = RangeValidator.swift; sourceTree = "<group>"; };
		004913AB1C47B13000471F53 /* URLValidator.swift */ = {isa = PBXFileReference; fileEncoding = 4; lastKnownFileType = sourcecode.swift; path = URLValidator.swift; sourceTree = "<group>"; };
		004913AD1C47B15D00471F53 /* URLShorthandValidator.swift */ = {isa = PBXFileReference; fileEncoding = 4; lastKnownFileType = sourcecode.swift; path = URLShorthandValidator.swift; sourceTree = "<group>"; };
		004913AF1C47B1B400471F53 /* CompositeValidator.swift */ = {isa = PBXFileReference; fileEncoding = 4; lastKnownFileType = sourcecode.swift; path = CompositeValidator.swift; sourceTree = "<group>"; };
		004913B31C47B3EA00471F53 /* Validatable.swift */ = {isa = PBXFileReference; fileEncoding = 4; lastKnownFileType = sourcecode.swift; path = Validatable.swift; sourceTree = "<group>"; };
		004913B61C47BB9800471F53 /* Form.swift */ = {isa = PBXFileReference; fileEncoding = 4; lastKnownFileType = sourcecode.swift; path = Form.swift; sourceTree = "<group>"; };
		004913B81C47BEEC00471F53 /* ValidatorTextView.swift */ = {isa = PBXFileReference; fileEncoding = 4; lastKnownFileType = sourcecode.swift; path = ValidatorTextView.swift; sourceTree = "<group>"; };
		004913BA1C47C4A600471F53 /* AlphanumericValidatorTests.swift */ = {isa = PBXFileReference; fileEncoding = 4; lastKnownFileType = sourcecode.swift; path = AlphanumericValidatorTests.swift; sourceTree = "<group>"; };
		004913BC1C47C56900471F53 /* EmailValidatorTests.swift */ = {isa = PBXFileReference; fileEncoding = 4; lastKnownFileType = sourcecode.swift; path = EmailValidatorTests.swift; sourceTree = "<group>"; };
		004913BE1C47C62200471F53 /* PostcodeUKValidatorTests.swift */ = {isa = PBXFileReference; fileEncoding = 4; lastKnownFileType = sourcecode.swift; path = PostcodeUKValidatorTests.swift; sourceTree = "<group>"; };
		004913C01C47C68400471F53 /* RangeValidatorTests.swift */ = {isa = PBXFileReference; fileEncoding = 4; lastKnownFileType = sourcecode.swift; path = RangeValidatorTests.swift; sourceTree = "<group>"; };
		004913C21C47C6F900471F53 /* PasswordStrengthValidatorTests.swift */ = {isa = PBXFileReference; fileEncoding = 4; lastKnownFileType = sourcecode.swift; path = PasswordStrengthValidatorTests.swift; sourceTree = "<group>"; };
		004913C41C47C74400471F53 /* PresentValidatorTests.swift */ = {isa = PBXFileReference; fileEncoding = 4; lastKnownFileType = sourcecode.swift; path = PresentValidatorTests.swift; sourceTree = "<group>"; };
		004913C61C47C7A700471F53 /* URLValidatorTests.swift */ = {isa = PBXFileReference; fileEncoding = 4; lastKnownFileType = sourcecode.swift; path = URLValidatorTests.swift; sourceTree = "<group>"; };
		004913C81C47C7E500471F53 /* URLShorthandValidatorTests.swift */ = {isa = PBXFileReference; fileEncoding = 4; lastKnownFileType = sourcecode.swift; path = URLShorthandValidatorTests.swift; sourceTree = "<group>"; };
		004913CA1C47C85400471F53 /* NumericValidatorTests.swift */ = {isa = PBXFileReference; fileEncoding = 4; lastKnownFileType = sourcecode.swift; path = NumericValidatorTests.swift; sourceTree = "<group>"; };
		005675541C47DD48005A43F0 /* CompositeValidatorTests.swift */ = {isa = PBXFileReference; fileEncoding = 4; lastKnownFileType = sourcecode.swift; path = CompositeValidatorTests.swift; sourceTree = "<group>"; };
		0062E9D01C45493E00021C0A /* FormValidatorSwift.framework */ = {isa = PBXFileReference; explicitFileType = wrapper.framework; includeInIndex = 0; path = FormValidatorSwift.framework; sourceTree = BUILT_PRODUCTS_DIR; };
		0062E9DA1C45493E00021C0A /* FormValidatorSwiftTests.xctest */ = {isa = PBXFileReference; explicitFileType = wrapper.cfbundle; includeInIndex = 0; path = FormValidatorSwiftTests.xctest; sourceTree = BUILT_PRODUCTS_DIR; };
		0094D6731C46931800145F5C /* Localization.swift */ = {isa = PBXFileReference; fileEncoding = 4; lastKnownFileType = sourcecode.swift; path = Localization.swift; sourceTree = "<group>"; };
		0094D6751C4696F400145F5C /* EmailCondition.swift */ = {isa = PBXFileReference; fileEncoding = 4; lastKnownFileType = sourcecode.swift; path = EmailCondition.swift; sourceTree = "<group>"; };
		0094D6771C46976500145F5C /* EmailConditionTests.swift */ = {isa = PBXFileReference; fileEncoding = 4; lastKnownFileType = sourcecode.swift; path = EmailConditionTests.swift; sourceTree = "<group>"; };
		0094D67A1C4698CE00145F5C /* NumericCondition.swift */ = {isa = PBXFileReference; fileEncoding = 4; lastKnownFileType = sourcecode.swift; path = NumericCondition.swift; sourceTree = "<group>"; };
		0094D67C1C46992C00145F5C /* NumericConditionTests.swift */ = {isa = PBXFileReference; fileEncoding = 4; lastKnownFileType = sourcecode.swift; path = NumericConditionTests.swift; sourceTree = "<group>"; };
		0094D67E1C469A0E00145F5C /* PostcodeUKCondition.swift */ = {isa = PBXFileReference; fileEncoding = 4; lastKnownFileType = sourcecode.swift; path = PostcodeUKCondition.swift; sourceTree = "<group>"; };
		0094D6801C469A7900145F5C /* PostcodeUKConditionTests.swift */ = {isa = PBXFileReference; fileEncoding = 4; lastKnownFileType = sourcecode.swift; path = PostcodeUKConditionTests.swift; sourceTree = "<group>"; };
		0094D6831C469BA500145F5C /* URLCondition.swift */ = {isa = PBXFileReference; fileEncoding = 4; lastKnownFileType = sourcecode.swift; path = URLCondition.swift; sourceTree = "<group>"; };
		0094D6851C469C2A00145F5C /* URLShorthandCondition.swift */ = {isa = PBXFileReference; fileEncoding = 4; lastKnownFileType = sourcecode.swift; path = URLShorthandCondition.swift; sourceTree = "<group>"; };
		0094D6871C469C8D00145F5C /* URLConditionTests.swift */ = {isa = PBXFileReference; fileEncoding = 4; lastKnownFileType = sourcecode.swift; path = URLConditionTests.swift; sourceTree = "<group>"; };
		0094D6891C469D5200145F5C /* URLShorthandConditionTests.swift */ = {isa = PBXFileReference; fileEncoding = 4; lastKnownFileType = sourcecode.swift; path = URLShorthandConditionTests.swift; sourceTree = "<group>"; };
		0094D6981C46B37900145F5C /* RangeCondition.swift */ = {isa = PBXFileReference; fileEncoding = 4; lastKnownFileType = sourcecode.swift; path = RangeCondition.swift; sourceTree = "<group>"; };
		0094D69A1C46B38200145F5C /* OrCondition.swift */ = {isa = PBXFileReference; fileEncoding = 4; lastKnownFileType = sourcecode.swift; path = OrCondition.swift; sourceTree = "<group>"; };
		0094D69C1C46B38E00145F5C /* RangeConditionTests.swift */ = {isa = PBXFileReference; fileEncoding = 4; lastKnownFileType = sourcecode.swift; path = RangeConditionTests.swift; sourceTree = "<group>"; };
		0094D69E1C46B39800145F5C /* OrConditionTests.swift */ = {isa = PBXFileReference; fileEncoding = 4; lastKnownFileType = sourcecode.swift; path = OrConditionTests.swift; sourceTree = "<group>"; };
		00F2E2D51C46C42F00FE0B66 /* AndCondition.swift */ = {isa = PBXFileReference; fileEncoding = 4; lastKnownFileType = sourcecode.swift; path = AndCondition.swift; sourceTree = "<group>"; };
		00F2E2D71C46C47700FE0B66 /* AndConditionTests.swift */ = {isa = PBXFileReference; fileEncoding = 4; lastKnownFileType = sourcecode.swift; path = AndConditionTests.swift; sourceTree = "<group>"; };
		00F2E2D91C46C53500FE0B66 /* NotCondition.swift */ = {isa = PBXFileReference; fileEncoding = 4; lastKnownFileType = sourcecode.swift; path = NotCondition.swift; sourceTree = "<group>"; };
		00F2E2DB1C46C57800FE0B66 /* NotConditionTests.swift */ = {isa = PBXFileReference; fileEncoding = 4; lastKnownFileType = sourcecode.swift; path = NotConditionTests.swift; sourceTree = "<group>"; };
		00F2E2DD1C46C69D00FE0B66 /* PresentCondition.swift */ = {isa = PBXFileReference; fileEncoding = 4; lastKnownFileType = sourcecode.swift; path = PresentCondition.swift; sourceTree = "<group>"; };
		00F2E2DF1C46C6F400FE0B66 /* PresentConditionTests.swift */ = {isa = PBXFileReference; fileEncoding = 4; lastKnownFileType = sourcecode.swift; path = PresentConditionTests.swift; sourceTree = "<group>"; };
		00F2E2E11C46C7B500FE0B66 /* PasswordStrengthCondition.swift */ = {isa = PBXFileReference; fileEncoding = 4; lastKnownFileType = sourcecode.swift; path = PasswordStrengthCondition.swift; sourceTree = "<group>"; };
		00F2E2E31C46CBC200FE0B66 /* PasswordStrengthConditionTests.swift */ = {isa = PBXFileReference; fileEncoding = 4; lastKnownFileType = sourcecode.swift; path = PasswordStrengthConditionTests.swift; sourceTree = "<group>"; };
/* End PBXFileReference section */

/* Begin PBXFrameworksBuildPhase section */
		0062E9CC1C45493E00021C0A /* Frameworks */ = {
			isa = PBXFrameworksBuildPhase;
			buildActionMask = 2147483647;
			files = (
			);
			runOnlyForDeploymentPostprocessing = 0;
		};
		0062E9D71C45493E00021C0A /* Frameworks */ = {
			isa = PBXFrameworksBuildPhase;
			buildActionMask = 2147483647;
			files = (
				0062E9DB1C45493E00021C0A /* FormValidatorSwift.framework in Frameworks */,
			);
			runOnlyForDeploymentPostprocessing = 0;
		};
/* End PBXFrameworksBuildPhase section */

/* Begin PBXGroup section */
		002C04231C454A98005CC374 /* Sources */ = {
			isa = PBXGroup;
			children = (
				0032C1041C454EDF0023DB19 /* Conditions */,
				003698331C46E200004D1692 /* Controls */,
				004913B51C47BB6200471F53 /* Models */,
				0032C1031C454ED90023DB19 /* Protocols */,
				0032C1051C454EEA0023DB19 /* Validators */,
				0032C0D91C454BB80023DB19 /* Resources */,
				0032C0DA1C454BC50023DB19 /* Supporting Files */,
			);
			path = Sources;
			sourceTree = "<group>";
		};
		002C04281C454ABD005CC374 /* Tests */ = {
			isa = PBXGroup;
			children = (
				0032C10B1C4559260023DB19 /* Conditions */,
				003E06231C463E5B008D47F2 /* Extensions */,
				003698301C46DE00004D1692 /* Validators */,
				002C042A1C454AD9005CC374 /* Info.plist */,
			);
			name = Tests;
			path = "Tests/Unit Tests";
			sourceTree = "<group>";
		};
		0032C0D91C454BB80023DB19 /* Resources */ = {
			isa = PBXGroup;
			children = (
				0094D6731C46931800145F5C /* Localization.swift */,
				0032C0F51C454D8F0023DB19 /* Localizable.strings */,
			);
			path = Resources;
			sourceTree = "<group>";
		};
		0032C0DA1C454BC50023DB19 /* Supporting Files */ = {
			isa = PBXGroup;
			children = (
				002C04241C454AAB005CC374 /* FormValidatorSwift.h */,
				002C04251C454AAB005CC374 /* Info.plist */,
			);
			name = "Supporting Files";
			sourceTree = "<group>";
		};
		0032C1031C454ED90023DB19 /* Protocols */ = {
			isa = PBXGroup;
			children = (
				0032C1061C454F4E0023DB19 /* Condition.swift */,
				004913B31C47B3EA00471F53 /* Validatable.swift */,
				003E06261C46413C008D47F2 /* Validator.swift */,
				003698341C46E24C004D1692 /* ValidatorControl.swift */,
			);
			path = Protocols;
			sourceTree = "<group>";
		};
		0032C1041C454EDF0023DB19 /* Conditions */ = {
			isa = PBXGroup;
			children = (
				0094D6961C46B23D00145F5C /* Logic */,
				0032C1091C4555200023DB19 /* AlphabeticCondition.swift */,
				003E061E1C463CEB008D47F2 /* AlphanumericCondition.swift */,
				0094D6751C4696F400145F5C /* EmailCondition.swift */,
				0094D67A1C4698CE00145F5C /* NumericCondition.swift */,
				00F2E2E11C46C7B500FE0B66 /* PasswordStrengthCondition.swift */,
				0094D67E1C469A0E00145F5C /* PostcodeUKCondition.swift */,
				00F2E2DD1C46C69D00FE0B66 /* PresentCondition.swift */,
				0094D6981C46B37900145F5C /* RangeCondition.swift */,
				0094D6831C469BA500145F5C /* URLCondition.swift */,
				0094D6851C469C2A00145F5C /* URLShorthandCondition.swift */,
			);
			path = Conditions;
			sourceTree = "<group>";
		};
		0032C1051C454EEA0023DB19 /* Validators */ = {
			isa = PBXGroup;
			children = (
				003E06281C4648E5008D47F2 /* AlphabeticValidator.swift */,
				0049139B1C47AC8200471F53 /* AlphanumericValidator.swift */,
				004913AF1C47B1B400471F53 /* CompositeValidator.swift */,
				0049139D1C47ADCA00471F53 /* EmailValidator.swift */,
				0049139F1C47AE0700471F53 /* NumericValidator.swift */,
				004913A11C47AE5D00471F53 /* PostcodeUKValidator.swift */,
				004913A71C47B08C00471F53 /* PasswordStrengthValidator.swift */,
				004913A31C47AE9F00471F53 /* PresentValidator.swift */,
				004913A91C47B0F200471F53 /* RangeValidator.swift */,
				004913AB1C47B13000471F53 /* URLValidator.swift */,
				004913AD1C47B15D00471F53 /* URLShorthandValidator.swift */,
			);
			path = Validators;
			sourceTree = "<group>";
		};
		0032C10B1C4559260023DB19 /* Conditions */ = {
			isa = PBXGroup;
			children = (
				0094D6971C46B25300145F5C /* Logic */,
				0032C10C1C45594E0023DB19 /* AlphabeticConditionTests.swift */,
				003E06201C463DA1008D47F2 /* AlphanumericConditionTests.swift */,
				0094D6771C46976500145F5C /* EmailConditionTests.swift */,
				0094D67C1C46992C00145F5C /* NumericConditionTests.swift */,
				00F2E2E31C46CBC200FE0B66 /* PasswordStrengthConditionTests.swift */,
				0094D6801C469A7900145F5C /* PostcodeUKConditionTests.swift */,
				00F2E2DF1C46C6F400FE0B66 /* PresentConditionTests.swift */,
				0094D69C1C46B38E00145F5C /* RangeConditionTests.swift */,
				0094D6871C469C8D00145F5C /* URLConditionTests.swift */,
				0094D6891C469D5200145F5C /* URLShorthandConditionTests.swift */,
			);
			path = Conditions;
			sourceTree = "<group>";
		};
		003698301C46DE00004D1692 /* Validators */ = {
			isa = PBXGroup;
			children = (
				003698311C46DE1E004D1692 /* AlphabeticValidatorTests.swift */,
				004913BA1C47C4A600471F53 /* AlphanumericValidatorTests.swift */,
				005675541C47DD48005A43F0 /* CompositeValidatorTests.swift */,
				004913BC1C47C56900471F53 /* EmailValidatorTests.swift */,
				004913CA1C47C85400471F53 /* NumericValidatorTests.swift */,
				004913C21C47C6F900471F53 /* PasswordStrengthValidatorTests.swift */,
				004913BE1C47C62200471F53 /* PostcodeUKValidatorTests.swift */,
				004913C41C47C74400471F53 /* PresentValidatorTests.swift */,
				004913C01C47C68400471F53 /* RangeValidatorTests.swift */,
				004913C61C47C7A700471F53 /* URLValidatorTests.swift */,
				004913C81C47C7E500471F53 /* URLShorthandValidatorTests.swift */,
			);
			path = Validators;
			sourceTree = "<group>";
		};
		003698331C46E200004D1692 /* Controls */ = {
			isa = PBXGroup;
			children = (
				003698361C46E3BE004D1692 /* ValidatorTextField.swift */,
				004913B81C47BEEC00471F53 /* ValidatorTextView.swift */,
			);
			path = Controls;
			sourceTree = "<group>";
		};
		003E06231C463E5B008D47F2 /* Extensions */ = {
			isa = PBXGroup;
			children = (
				003E06241C463E84008D47F2 /* XCTestCase+Additions.swift */,
			);
			path = Extensions;
			sourceTree = "<group>";
		};
		004913B51C47BB6200471F53 /* Models */ = {
			isa = PBXGroup;
			children = (
				004913B61C47BB9800471F53 /* Form.swift */,
			);
			path = Models;
			sourceTree = "<group>";
		};
		0062E9C61C45493E00021C0A = {
			isa = PBXGroup;
			children = (
				002C04231C454A98005CC374 /* Sources */,
				002C04281C454ABD005CC374 /* Tests */,
				0062E9D11C45493E00021C0A /* Products */,
			);
			sourceTree = "<group>";
		};
		0062E9D11C45493E00021C0A /* Products */ = {
			isa = PBXGroup;
			children = (
				0062E9D01C45493E00021C0A /* FormValidatorSwift.framework */,
				0062E9DA1C45493E00021C0A /* FormValidatorSwiftTests.xctest */,
			);
			name = Products;
			sourceTree = "<group>";
		};
		0094D6961C46B23D00145F5C /* Logic */ = {
			isa = PBXGroup;
			children = (
				00F2E2D51C46C42F00FE0B66 /* AndCondition.swift */,
				00F2E2D91C46C53500FE0B66 /* NotCondition.swift */,
				0094D69A1C46B38200145F5C /* OrCondition.swift */,
			);
			path = Logic;
			sourceTree = "<group>";
		};
		0094D6971C46B25300145F5C /* Logic */ = {
			isa = PBXGroup;
			children = (
				00F2E2D71C46C47700FE0B66 /* AndConditionTests.swift */,
				00F2E2DB1C46C57800FE0B66 /* NotConditionTests.swift */,
				0094D69E1C46B39800145F5C /* OrConditionTests.swift */,
			);
			path = Logic;
			sourceTree = "<group>";
		};
/* End PBXGroup section */

/* Begin PBXHeadersBuildPhase section */
		0062E9CD1C45493E00021C0A /* Headers */ = {
			isa = PBXHeadersBuildPhase;
			buildActionMask = 2147483647;
			files = (
				002C04261C454AAB005CC374 /* FormValidatorSwift.h in Headers */,
			);
			runOnlyForDeploymentPostprocessing = 0;
		};
/* End PBXHeadersBuildPhase section */

/* Begin PBXNativeTarget section */
		0062E9CF1C45493E00021C0A /* FormValidatorSwift */ = {
			isa = PBXNativeTarget;
			buildConfigurationList = 0062E9E41C45493E00021C0A /* Build configuration list for PBXNativeTarget "FormValidatorSwift" */;
			buildPhases = (
				0062E9CB1C45493E00021C0A /* Sources */,
				0062E9CC1C45493E00021C0A /* Frameworks */,
				0062E9CD1C45493E00021C0A /* Headers */,
				0062E9CE1C45493E00021C0A /* Resources */,
				0032C1081C4553920023DB19 /* ShellScript */,
			);
			buildRules = (
			);
			dependencies = (
			);
			name = FormValidatorSwift;
			productName = FormValidatorSwift;
			productReference = 0062E9D01C45493E00021C0A /* FormValidatorSwift.framework */;
			productType = "com.apple.product-type.framework";
		};
		0062E9D91C45493E00021C0A /* FormValidatorSwiftTests */ = {
			isa = PBXNativeTarget;
			buildConfigurationList = 0062E9E71C45493E00021C0A /* Build configuration list for PBXNativeTarget "FormValidatorSwiftTests" */;
			buildPhases = (
				0062E9D61C45493E00021C0A /* Sources */,
				0062E9D71C45493E00021C0A /* Frameworks */,
				0062E9D81C45493E00021C0A /* Resources */,
			);
			buildRules = (
			);
			dependencies = (
				0062E9DD1C45493E00021C0A /* PBXTargetDependency */,
			);
			name = FormValidatorSwiftTests;
			productName = FormValidatorSwiftTests;
			productReference = 0062E9DA1C45493E00021C0A /* FormValidatorSwiftTests.xctest */;
			productType = "com.apple.product-type.bundle.unit-test";
		};
/* End PBXNativeTarget section */

/* Begin PBXProject section */
		0062E9C71C45493E00021C0A /* Project object */ = {
			isa = PBXProject;
			attributes = {
				LastSwiftUpdateCheck = 0720;
				LastUpgradeCheck = 0720;
				ORGANIZATIONNAME = ustwo;
				TargetAttributes = {
					0062E9CF1C45493E00021C0A = {
						CreatedOnToolsVersion = 7.2;
					};
					0062E9D91C45493E00021C0A = {
						CreatedOnToolsVersion = 7.2;
					};
				};
			};
			buildConfigurationList = 0062E9CA1C45493E00021C0A /* Build configuration list for PBXProject "FormValidatorSwift" */;
			compatibilityVersion = "Xcode 3.2";
			developmentRegion = English;
			hasScannedForEncodings = 0;
			knownRegions = (
				en,
				da,
				fr,
				de,
				it,
				ja,
				ko,
				nb,
				pl,
				"pt-PT",
				ro,
				sv,
				ru,
			);
			mainGroup = 0062E9C61C45493E00021C0A;
			productRefGroup = 0062E9D11C45493E00021C0A /* Products */;
			projectDirPath = "";
			projectRoot = "";
			targets = (
				0062E9CF1C45493E00021C0A /* FormValidatorSwift */,
				0062E9D91C45493E00021C0A /* FormValidatorSwiftTests */,
			);
		};
/* End PBXProject section */

/* Begin PBXResourcesBuildPhase section */
		0062E9CE1C45493E00021C0A /* Resources */ = {
			isa = PBXResourcesBuildPhase;
			buildActionMask = 2147483647;
			files = (
				0032C0F31C454D8F0023DB19 /* Localizable.strings in Resources */,
			);
			runOnlyForDeploymentPostprocessing = 0;
		};
		0062E9D81C45493E00021C0A /* Resources */ = {
			isa = PBXResourcesBuildPhase;
			buildActionMask = 2147483647;
			files = (
			);
			runOnlyForDeploymentPostprocessing = 0;
		};
/* End PBXResourcesBuildPhase section */

/* Begin PBXShellScriptBuildPhase section */
		0032C1081C4553920023DB19 /* ShellScript */ = {
			isa = PBXShellScriptBuildPhase;
			buildActionMask = 2147483647;
			files = (
			);
			inputPaths = (
			);
			outputPaths = (
			);
			runOnlyForDeploymentPostprocessing = 0;
			shellPath = /bin/sh;
			shellScript = "if which swiftlint >/dev/null; then\n    swiftlint\nelse\n    echo \"SwiftLint does not exist, download from https://github.com/realm/SwiftLint\"\nfi";
		};
/* End PBXShellScriptBuildPhase section */

/* Begin PBXSourcesBuildPhase section */
		0062E9CB1C45493E00021C0A /* Sources */ = {
			isa = PBXSourcesBuildPhase;
			buildActionMask = 2147483647;
			files = (
				004913A41C47AE9F00471F53 /* PresentValidator.swift in Sources */,
				004913A01C47AE0700471F53 /* NumericValidator.swift in Sources */,
				0094D69B1C46B38200145F5C /* OrCondition.swift in Sources */,
				0094D67F1C469A0E00145F5C /* PostcodeUKCondition.swift in Sources */,
				004913B41C47B3EA00471F53 /* Validatable.swift in Sources */,
				0094D6761C4696F400145F5C /* EmailCondition.swift in Sources */,
				003E06271C46413C008D47F2 /* Validator.swift in Sources */,
				0094D6991C46B37900145F5C /* RangeCondition.swift in Sources */,
				003698371C46E3BE004D1692 /* ValidatorTextField.swift in Sources */,
				003E061F1C463CEB008D47F2 /* AlphanumericCondition.swift in Sources */,
				004913A81C47B08C00471F53 /* PasswordStrengthValidator.swift in Sources */,
				0094D67B1C4698CE00145F5C /* NumericCondition.swift in Sources */,
				0049139E1C47ADCA00471F53 /* EmailValidator.swift in Sources */,
				00F2E2DA1C46C53500FE0B66 /* NotCondition.swift in Sources */,
				0094D6861C469C2A00145F5C /* URLShorthandCondition.swift in Sources */,
				004913B01C47B1B400471F53 /* CompositeValidator.swift in Sources */,
				004913AC1C47B13000471F53 /* URLValidator.swift in Sources */,
				004913B71C47BB9800471F53 /* Form.swift in Sources */,
				00F2E2DE1C46C69D00FE0B66 /* PresentCondition.swift in Sources */,
				003698351C46E24C004D1692 /* ValidatorControl.swift in Sources */,
				0094D6741C46931800145F5C /* Localization.swift in Sources */,
				003E06291C4648E5008D47F2 /* AlphabeticValidator.swift in Sources */,
				004913A21C47AE5D00471F53 /* PostcodeUKValidator.swift in Sources */,
				0032C10A1C4555200023DB19 /* AlphabeticCondition.swift in Sources */,
				004913B91C47BEEC00471F53 /* ValidatorTextView.swift in Sources */,
				0032C1071C454F4E0023DB19 /* Condition.swift in Sources */,
				004913AE1C47B15D00471F53 /* URLShorthandValidator.swift in Sources */,
				0094D6841C469BA500145F5C /* URLCondition.swift in Sources */,
				004913AA1C47B0F200471F53 /* RangeValidator.swift in Sources */,
				0049139C1C47AC8200471F53 /* AlphanumericValidator.swift in Sources */,
				00F2E2E21C46C7B500FE0B66 /* PasswordStrengthCondition.swift in Sources */,
				00F2E2D61C46C42F00FE0B66 /* AndCondition.swift in Sources */,
			);
			runOnlyForDeploymentPostprocessing = 0;
		};
		0062E9D61C45493E00021C0A /* Sources */ = {
			isa = PBXSourcesBuildPhase;
			buildActionMask = 2147483647;
			files = (
				003698321C46DE1E004D1692 /* AlphabeticValidatorTests.swift in Sources */,
				005675551C47DD48005A43F0 /* CompositeValidatorTests.swift in Sources */,
				004913BF1C47C62200471F53 /* PostcodeUKValidatorTests.swift in Sources */,
				0094D6821C469A9700145F5C /* PostcodeUKConditionTests.swift in Sources */,
				00F2E2DC1C46C57800FE0B66 /* NotConditionTests.swift in Sources */,
				003E06221C463DB1008D47F2 /* AlphanumericConditionTests.swift in Sources */,
				00F2E2E01C46C6F400FE0B66 /* PresentConditionTests.swift in Sources */,
				004913C51C47C74400471F53 /* PresentValidatorTests.swift in Sources */,
				003E06251C463E84008D47F2 /* XCTestCase+Additions.swift in Sources */,
				0094D67D1C46992C00145F5C /* NumericConditionTests.swift in Sources */,
				004913BD1C47C56900471F53 /* EmailValidatorTests.swift in Sources */,
				004913CB1C47C85400471F53 /* NumericValidatorTests.swift in Sources */,
				0094D69D1C46B38E00145F5C /* RangeConditionTests.swift in Sources */,
				0094D6881C469C8D00145F5C /* URLConditionTests.swift in Sources */,
				0094D69F1C46B39800145F5C /* OrConditionTests.swift in Sources */,
				004913BB1C47C4A600471F53 /* AlphanumericValidatorTests.swift in Sources */,
				00F2E2E41C46CBC200FE0B66 /* PasswordStrengthConditionTests.swift in Sources */,
				004913C11C47C68400471F53 /* RangeValidatorTests.swift in Sources */,
				0094D6791C46979300145F5C /* EmailConditionTests.swift in Sources */,
				0094D68A1C469D5200145F5C /* URLShorthandConditionTests.swift in Sources */,
				004913C71C47C7A700471F53 /* URLValidatorTests.swift in Sources */,
				00F2E2D81C46C47700FE0B66 /* AndConditionTests.swift in Sources */,
				004913C31C47C6F900471F53 /* PasswordStrengthValidatorTests.swift in Sources */,
				0032C10D1C45594E0023DB19 /* AlphabeticConditionTests.swift in Sources */,
				004913C91C47C7E500471F53 /* URLShorthandValidatorTests.swift in Sources */,
			);
			runOnlyForDeploymentPostprocessing = 0;
		};
/* End PBXSourcesBuildPhase section */

/* Begin PBXTargetDependency section */
		0062E9DD1C45493E00021C0A /* PBXTargetDependency */ = {
			isa = PBXTargetDependency;
			target = 0062E9CF1C45493E00021C0A /* FormValidatorSwift */;
			targetProxy = 0062E9DC1C45493E00021C0A /* PBXContainerItemProxy */;
		};
/* End PBXTargetDependency section */

/* Begin PBXVariantGroup section */
		0032C0F51C454D8F0023DB19 /* Localizable.strings */ = {
			isa = PBXVariantGroup;
			children = (
				0032C0F41C454D8F0023DB19 /* en */,
				0032C0F61C454D900023DB19 /* da */,
				0032C0F71C454D910023DB19 /* fr */,
				0032C0F81C454D920023DB19 /* de */,
				0032C0F91C454D930023DB19 /* ru */,
				0032C0FA1C454D940023DB19 /* sv */,
				0032C0FB1C454D940023DB19 /* ro */,
				0032C0FC1C454D950023DB19 /* pt-PT */,
				0032C0FD1C454D950023DB19 /* nb */,
				0032C0FE1C454D960023DB19 /* pl */,
				0032C0FF1C454D970023DB19 /* ko */,
				0032C1001C454D980023DB19 /* ja */,
				0032C1011C454D990023DB19 /* it */,
			);
			name = Localizable.strings;
			sourceTree = "<group>";
		};
/* End PBXVariantGroup section */

/* Begin XCBuildConfiguration section */
		0062E9E21C45493E00021C0A /* Debug */ = {
			isa = XCBuildConfiguration;
			buildSettings = {
				ALWAYS_SEARCH_USER_PATHS = NO;
				CLANG_CXX_LANGUAGE_STANDARD = "gnu++0x";
				CLANG_CXX_LIBRARY = "libc++";
				CLANG_ENABLE_MODULES = YES;
				CLANG_ENABLE_OBJC_ARC = YES;
				CLANG_WARN_BOOL_CONVERSION = YES;
				CLANG_WARN_CONSTANT_CONVERSION = YES;
				CLANG_WARN_DIRECT_OBJC_ISA_USAGE = YES_ERROR;
				CLANG_WARN_EMPTY_BODY = YES;
				CLANG_WARN_ENUM_CONVERSION = YES;
				CLANG_WARN_INT_CONVERSION = YES;
				CLANG_WARN_OBJC_ROOT_CLASS = YES_ERROR;
				CLANG_WARN_UNREACHABLE_CODE = YES;
				CLANG_WARN__DUPLICATE_METHOD_MATCH = YES;
				"CODE_SIGN_IDENTITY[sdk=iphoneos*]" = "iPhone Developer";
				COPY_PHASE_STRIP = NO;
				CURRENT_PROJECT_VERSION = 1;
				DEBUG_INFORMATION_FORMAT = dwarf;
				ENABLE_STRICT_OBJC_MSGSEND = YES;
				ENABLE_TESTABILITY = YES;
				GCC_C_LANGUAGE_STANDARD = gnu99;
				GCC_DYNAMIC_NO_PIC = NO;
				GCC_NO_COMMON_BLOCKS = YES;
				GCC_OPTIMIZATION_LEVEL = 0;
				GCC_PREPROCESSOR_DEFINITIONS = (
					"DEBUG=1",
					"$(inherited)",
				);
				GCC_WARN_64_TO_32_BIT_CONVERSION = YES;
				GCC_WARN_ABOUT_RETURN_TYPE = YES_ERROR;
				GCC_WARN_UNDECLARED_SELECTOR = YES;
				GCC_WARN_UNINITIALIZED_AUTOS = YES_AGGRESSIVE;
				GCC_WARN_UNUSED_FUNCTION = YES;
				GCC_WARN_UNUSED_VARIABLE = YES;
				IPHONEOS_DEPLOYMENT_TARGET = 8.3;
				MTL_ENABLE_DEBUG_INFO = YES;
				ONLY_ACTIVE_ARCH = YES;
				SDKROOT = iphoneos;
				SWIFT_OPTIMIZATION_LEVEL = "-Onone";
				TARGETED_DEVICE_FAMILY = "1,2";
				VERSIONING_SYSTEM = "apple-generic";
				VERSION_INFO_PREFIX = "";
			};
			name = Debug;
		};
		0062E9E31C45493E00021C0A /* Release */ = {
			isa = XCBuildConfiguration;
			buildSettings = {
				ALWAYS_SEARCH_USER_PATHS = NO;
				CLANG_CXX_LANGUAGE_STANDARD = "gnu++0x";
				CLANG_CXX_LIBRARY = "libc++";
				CLANG_ENABLE_MODULES = YES;
				CLANG_ENABLE_OBJC_ARC = YES;
				CLANG_WARN_BOOL_CONVERSION = YES;
				CLANG_WARN_CONSTANT_CONVERSION = YES;
				CLANG_WARN_DIRECT_OBJC_ISA_USAGE = YES_ERROR;
				CLANG_WARN_EMPTY_BODY = YES;
				CLANG_WARN_ENUM_CONVERSION = YES;
				CLANG_WARN_INT_CONVERSION = YES;
				CLANG_WARN_OBJC_ROOT_CLASS = YES_ERROR;
				CLANG_WARN_UNREACHABLE_CODE = YES;
				CLANG_WARN__DUPLICATE_METHOD_MATCH = YES;
				"CODE_SIGN_IDENTITY[sdk=iphoneos*]" = "iPhone Developer";
				COPY_PHASE_STRIP = NO;
				CURRENT_PROJECT_VERSION = 1;
				DEBUG_INFORMATION_FORMAT = "dwarf-with-dsym";
				ENABLE_NS_ASSERTIONS = NO;
				ENABLE_STRICT_OBJC_MSGSEND = YES;
				GCC_C_LANGUAGE_STANDARD = gnu99;
				GCC_NO_COMMON_BLOCKS = YES;
				GCC_WARN_64_TO_32_BIT_CONVERSION = YES;
				GCC_WARN_ABOUT_RETURN_TYPE = YES_ERROR;
				GCC_WARN_UNDECLARED_SELECTOR = YES;
				GCC_WARN_UNINITIALIZED_AUTOS = YES_AGGRESSIVE;
				GCC_WARN_UNUSED_FUNCTION = YES;
				GCC_WARN_UNUSED_VARIABLE = YES;
				IPHONEOS_DEPLOYMENT_TARGET = 8.3;
				MTL_ENABLE_DEBUG_INFO = NO;
				SDKROOT = iphoneos;
				TARGETED_DEVICE_FAMILY = "1,2";
				VALIDATE_PRODUCT = YES;
				VERSIONING_SYSTEM = "apple-generic";
				VERSION_INFO_PREFIX = "";
			};
			name = Release;
		};
		0062E9E51C45493E00021C0A /* Debug */ = {
			isa = XCBuildConfiguration;
			buildSettings = {
				CLANG_ENABLE_MODULES = YES;
				DEFINES_MODULE = YES;
				DYLIB_COMPATIBILITY_VERSION = 1;
				DYLIB_CURRENT_VERSION = 1;
				DYLIB_INSTALL_NAME_BASE = "@rpath";
				INFOPLIST_FILE = "$(SRCROOT)/Sources/Info.plist";
				INSTALL_PATH = "$(LOCAL_LIBRARY_DIR)/Frameworks";
				LD_RUNPATH_SEARCH_PATHS = "$(inherited) @executable_path/Frameworks @loader_path/Frameworks";
				PRODUCT_BUNDLE_IDENTIFIER = com.ustwo.FormValidatorSwift;
				PRODUCT_NAME = "$(TARGET_NAME)";
				SKIP_INSTALL = YES;
				SWIFT_OPTIMIZATION_LEVEL = "-Onone";
			};
			name = Debug;
		};
		0062E9E61C45493E00021C0A /* Release */ = {
			isa = XCBuildConfiguration;
			buildSettings = {
				CLANG_ENABLE_MODULES = YES;
				DEFINES_MODULE = YES;
				DYLIB_COMPATIBILITY_VERSION = 1;
				DYLIB_CURRENT_VERSION = 1;
				DYLIB_INSTALL_NAME_BASE = "@rpath";
				INFOPLIST_FILE = "$(SRCROOT)/Sources/Info.plist";
				INSTALL_PATH = "$(LOCAL_LIBRARY_DIR)/Frameworks";
				LD_RUNPATH_SEARCH_PATHS = "$(inherited) @executable_path/Frameworks @loader_path/Frameworks";
				PRODUCT_BUNDLE_IDENTIFIER = com.ustwo.FormValidatorSwift;
				PRODUCT_NAME = "$(TARGET_NAME)";
				SKIP_INSTALL = YES;
			};
			name = Release;
		};
		0062E9E81C45493E00021C0A /* Debug */ = {
			isa = XCBuildConfiguration;
			buildSettings = {
				INFOPLIST_FILE = "Tests/Unit Tests/Info.plist";
				LD_RUNPATH_SEARCH_PATHS = "$(inherited) @executable_path/Frameworks @loader_path/Frameworks";
				PRODUCT_BUNDLE_IDENTIFIER = com.ustwo.FormValidatorSwiftTests;
				PRODUCT_NAME = "$(TARGET_NAME)";
			};
			name = Debug;
		};
		0062E9E91C45493E00021C0A /* Release */ = {
			isa = XCBuildConfiguration;
			buildSettings = {
				INFOPLIST_FILE = "Tests/Unit Tests/Info.plist";
				LD_RUNPATH_SEARCH_PATHS = "$(inherited) @executable_path/Frameworks @loader_path/Frameworks";
				PRODUCT_BUNDLE_IDENTIFIER = com.ustwo.FormValidatorSwiftTests;
				PRODUCT_NAME = "$(TARGET_NAME)";
			};
			name = Release;
		};
/* End XCBuildConfiguration section */

/* Begin XCConfigurationList section */
		0062E9CA1C45493E00021C0A /* Build configuration list for PBXProject "FormValidatorSwift" */ = {
			isa = XCConfigurationList;
			buildConfigurations = (
				0062E9E21C45493E00021C0A /* Debug */,
				0062E9E31C45493E00021C0A /* Release */,
			);
			defaultConfigurationIsVisible = 0;
			defaultConfigurationName = Release;
		};
		0062E9E41C45493E00021C0A /* Build configuration list for PBXNativeTarget "FormValidatorSwift" */ = {
			isa = XCConfigurationList;
			buildConfigurations = (
				0062E9E51C45493E00021C0A /* Debug */,
				0062E9E61C45493E00021C0A /* Release */,
			);
			defaultConfigurationIsVisible = 0;
			defaultConfigurationName = Release;
		};
		0062E9E71C45493E00021C0A /* Build configuration list for PBXNativeTarget "FormValidatorSwiftTests" */ = {
			isa = XCConfigurationList;
			buildConfigurations = (
				0062E9E81C45493E00021C0A /* Debug */,
				0062E9E91C45493E00021C0A /* Release */,
			);
			defaultConfigurationIsVisible = 0;
			defaultConfigurationName = Release;
		};
/* End XCConfigurationList section */
	};
	rootObject = 0062E9C71C45493E00021C0A /* Project object */;
}
