// !$*UTF8*$!
{
	archiveVersion = 1;
	classes = {
	};
	objectVersion = 46;
	objects = {

/* Begin PBXBuildFile section */
		0036986A1C478957004D1692 /* AppDelegate.swift in Sources */ = {isa = PBXBuildFile; fileRef = 003698651C478957004D1692 /* AppDelegate.swift */; };
		0036986B1C478957004D1692 /* Assets.xcassets in Resources */ = {isa = PBXBuildFile; fileRef = 003698661C478957004D1692 /* Assets.xcassets */; };
		003698711C478988004D1692 /* LaunchScreen.storyboard in Resources */ = {isa = PBXBuildFile; fileRef = 0036986F1C478988004D1692 /* LaunchScreen.storyboard */; };
		0036987E1C478B31004D1692 /* FormView.swift in Sources */ = {isa = PBXBuildFile; fileRef = 0036987D1C478B31004D1692 /* FormView.swift */; };
		0036987F1C478BA4004D1692 /* FormViewController.swift in Sources */ = {isa = PBXBuildFile; fileRef = 003698691C478957004D1692 /* FormViewController.swift */; };
		004913901C479B1900471F53 /* FormValidatorSwift.framework in Frameworks */ = {isa = PBXBuildFile; fileRef = 0049138D1C479B1000471F53 /* FormValidatorSwift.framework */; };
		004913911C479B1900471F53 /* FormValidatorSwift.framework in Embed Frameworks */ = {isa = PBXBuildFile; fileRef = 0049138D1C479B1000471F53 /* FormValidatorSwift.framework */; settings = {ATTRIBUTES = (CodeSignOnCopy, RemoveHeadersOnCopy, ); }; };
		004913961C47A7F000471F53 /* FormTests.swift in Sources */ = {isa = PBXBuildFile; fileRef = 004913951C47A7F000471F53 /* FormTests.swift */; };
		004913981C47A84C00471F53 /* FormAccessibility.swift in Sources */ = {isa = PBXBuildFile; fileRef = 004913971C47A84C00471F53 /* FormAccessibility.swift */; };
		004913991C47A84C00471F53 /* FormAccessibility.swift in Sources */ = {isa = PBXBuildFile; fileRef = 004913971C47A84C00471F53 /* FormAccessibility.swift */; };
		009BFD651C48FA9B00B1E370 /* FormEntryView.swift in Sources */ = {isa = PBXBuildFile; fileRef = 009BFD641C48FA9B00B1E370 /* FormEntryView.swift */; };
/* End PBXBuildFile section */

/* Begin PBXContainerItemProxy section */
		003698561C4788B1004D1692 /* PBXContainerItemProxy */ = {
			isa = PBXContainerItemProxy;
			containerPortal = 003698391C4788B1004D1692 /* Project object */;
			proxyType = 1;
			remoteGlobalIDString = 003698401C4788B1004D1692;
			remoteInfo = "iOS Example";
		};
		0049138C1C479B1000471F53 /* PBXContainerItemProxy */ = {
			isa = PBXContainerItemProxy;
			containerPortal = 004913871C479B1000471F53 /* FormValidatorSwift.xcodeproj */;
			proxyType = 2;
			remoteGlobalIDString = 0062E9D01C45493E00021C0A;
			remoteInfo = FormValidatorSwift;
		};
		0049138E1C479B1000471F53 /* PBXContainerItemProxy */ = {
			isa = PBXContainerItemProxy;
			containerPortal = 004913871C479B1000471F53 /* FormValidatorSwift.xcodeproj */;
			proxyType = 2;
			remoteGlobalIDString = 0062E9DA1C45493E00021C0A;
			remoteInfo = FormValidatorSwiftTests;
		};
		004913921C479B1900471F53 /* PBXContainerItemProxy */ = {
			isa = PBXContainerItemProxy;
			containerPortal = 004913871C479B1000471F53 /* FormValidatorSwift.xcodeproj */;
			proxyType = 1;
			remoteGlobalIDString = 0062E9CF1C45493E00021C0A;
			remoteInfo = FormValidatorSwift;
		};
		008E72DF1E1FDC0A0013E24E /* PBXContainerItemProxy */ = {
			isa = PBXContainerItemProxy;
			containerPortal = 004913871C479B1000471F53 /* FormValidatorSwift.xcodeproj */;
			proxyType = 2;
			remoteGlobalIDString = 00AC81E81E1FB69200A184BB;
			remoteInfo = "FormValidatorSwift macOS";
		};
		008E72E11E1FDC0A0013E24E /* PBXContainerItemProxy */ = {
			isa = PBXContainerItemProxy;
			containerPortal = 004913871C479B1000471F53 /* FormValidatorSwift.xcodeproj */;
			proxyType = 2;
			remoteGlobalIDString = 00AC81F01E1FB69200A184BB;
			remoteInfo = "FormValidatorSwiftTests macOS";
		};
		009BFD601C48FA9000B1E370 /* PBXContainerItemProxy */ = {
			isa = PBXContainerItemProxy;
			containerPortal = 004913871C479B1000471F53 /* FormValidatorSwift.xcodeproj */;
			proxyType = 2;
			remoteGlobalIDString = 0056755F1C47ED32005A43F0;
			remoteInfo = "FormValidatorSwift tvOS";
		};
		009BFD621C48FA9000B1E370 /* PBXContainerItemProxy */ = {
			isa = PBXContainerItemProxy;
			containerPortal = 004913871C479B1000471F53 /* FormValidatorSwift.xcodeproj */;
			proxyType = 2;
			remoteGlobalIDString = 005675681C47ED32005A43F0;
			remoteInfo = "FormValidatorSwiftTests tvOS";
		};
/* End PBXContainerItemProxy section */

/* Begin PBXCopyFilesBuildPhase section */
		004913941C479B1900471F53 /* Embed Frameworks */ = {
			isa = PBXCopyFilesBuildPhase;
			buildActionMask = 2147483647;
			dstPath = "";
			dstSubfolderSpec = 10;
			files = (
				004913911C479B1900471F53 /* FormValidatorSwift.framework in Embed Frameworks */,
			);
			name = "Embed Frameworks";
			runOnlyForDeploymentPostprocessing = 0;
		};
/* End PBXCopyFilesBuildPhase section */

/* Begin PBXFileReference section */
		003698411C4788B1004D1692 /* iOS Example.app */ = {isa = PBXFileReference; explicitFileType = wrapper.application; includeInIndex = 0; path = "iOS Example.app"; sourceTree = BUILT_PRODUCTS_DIR; };
		003698551C4788B1004D1692 /* iOS ExampleUITests.xctest */ = {isa = PBXFileReference; explicitFileType = wrapper.cfbundle; includeInIndex = 0; path = "iOS ExampleUITests.xctest"; sourceTree = BUILT_PRODUCTS_DIR; };
		003698651C478957004D1692 /* AppDelegate.swift */ = {isa = PBXFileReference; fileEncoding = 4; lastKnownFileType = sourcecode.swift; path = AppDelegate.swift; sourceTree = "<group>"; };
		003698661C478957004D1692 /* Assets.xcassets */ = {isa = PBXFileReference; lastKnownFileType = folder.assetcatalog; path = Assets.xcassets; sourceTree = "<group>"; };
		003698681C478957004D1692 /* Info.plist */ = {isa = PBXFileReference; fileEncoding = 4; lastKnownFileType = text.plist.xml; path = Info.plist; sourceTree = "<group>"; };
		003698691C478957004D1692 /* FormViewController.swift */ = {isa = PBXFileReference; fileEncoding = 4; lastKnownFileType = sourcecode.swift; path = FormViewController.swift; sourceTree = "<group>"; };
		0036986F1C478988004D1692 /* LaunchScreen.storyboard */ = {isa = PBXFileReference; fileEncoding = 4; lastKnownFileType = file.storyboard; path = LaunchScreen.storyboard; sourceTree = "<group>"; };
		003698741C4789DD004D1692 /* Info.plist */ = {isa = PBXFileReference; fileEncoding = 4; lastKnownFileType = text.plist.xml; path = Info.plist; sourceTree = "<group>"; };
		0036987D1C478B31004D1692 /* FormView.swift */ = {isa = PBXFileReference; fileEncoding = 4; lastKnownFileType = sourcecode.swift; path = FormView.swift; sourceTree = "<group>"; };
		004913871C479B1000471F53 /* FormValidatorSwift.xcodeproj */ = {isa = PBXFileReference; lastKnownFileType = "wrapper.pb-project"; path = FormValidatorSwift.xcodeproj; sourceTree = "<group>"; };
		004913951C47A7F000471F53 /* FormTests.swift */ = {isa = PBXFileReference; fileEncoding = 4; lastKnownFileType = sourcecode.swift; path = FormTests.swift; sourceTree = "<group>"; };
		004913971C47A84C00471F53 /* FormAccessibility.swift */ = {isa = PBXFileReference; fileEncoding = 4; lastKnownFileType = sourcecode.swift; path = FormAccessibility.swift; sourceTree = "<group>"; };
		009BFD641C48FA9B00B1E370 /* FormEntryView.swift */ = {isa = PBXFileReference; fileEncoding = 4; lastKnownFileType = sourcecode.swift; path = FormEntryView.swift; sourceTree = "<group>"; };
/* End PBXFileReference section */

/* Begin PBXFrameworksBuildPhase section */
		0036983E1C4788B1004D1692 /* Frameworks */ = {
			isa = PBXFrameworksBuildPhase;
			buildActionMask = 2147483647;
			files = (
				004913901C479B1900471F53 /* FormValidatorSwift.framework in Frameworks */,
			);
			runOnlyForDeploymentPostprocessing = 0;
		};
		003698521C4788B1004D1692 /* Frameworks */ = {
			isa = PBXFrameworksBuildPhase;
			buildActionMask = 2147483647;
			files = (
			);
			runOnlyForDeploymentPostprocessing = 0;
		};
/* End PBXFrameworksBuildPhase section */

/* Begin PBXGroup section */
		003698381C4788B1004D1692 = {
			isa = PBXGroup;
			children = (
				003698641C478942004D1692 /* Sources */,
				003698731C47898D004D1692 /* Tests */,
				003698421C4788B1004D1692 /* Products */,
				004913871C479B1000471F53 /* FormValidatorSwift.xcodeproj */,
			);
			sourceTree = "<group>";
		};
		003698421C4788B1004D1692 /* Products */ = {
			isa = PBXGroup;
			children = (
				003698411C4788B1004D1692 /* iOS Example.app */,
				003698551C4788B1004D1692 /* iOS ExampleUITests.xctest */,
			);
			name = Products;
			sourceTree = "<group>";
		};
		003698641C478942004D1692 /* Sources */ = {
			isa = PBXGroup;
			children = (
				0036987C1C478ABF004D1692 /* Supporting Files */,
				0036986F1C478988004D1692 /* LaunchScreen.storyboard */,
				003698651C478957004D1692 /* AppDelegate.swift */,
				004913971C47A84C00471F53 /* FormAccessibility.swift */,
				003698691C478957004D1692 /* FormViewController.swift */,
				0036987D1C478B31004D1692 /* FormView.swift */,
				009BFD641C48FA9B00B1E370 /* FormEntryView.swift */,
			);
			name = Sources;
			path = Example/iOS;
			sourceTree = "<group>";
		};
		003698731C47898D004D1692 /* Tests */ = {
			isa = PBXGroup;
			children = (
				003698741C4789DD004D1692 /* Info.plist */,
				004913951C47A7F000471F53 /* FormTests.swift */,
			);
			name = Tests;
			path = "Tests/UI Tests/iOS";
			sourceTree = "<group>";
		};
		0036987C1C478ABF004D1692 /* Supporting Files */ = {
			isa = PBXGroup;
			children = (
				003698661C478957004D1692 /* Assets.xcassets */,
				003698681C478957004D1692 /* Info.plist */,
			);
			name = "Supporting Files";
			sourceTree = "<group>";
		};
		004913881C479B1000471F53 /* Products */ = {
			isa = PBXGroup;
			children = (
				0049138D1C479B1000471F53 /* FormValidatorSwift.framework */,
				0049138F1C479B1000471F53 /* FormValidatorSwiftTests iOS.xctest */,
				009BFD611C48FA9000B1E370 /* FormValidatorSwift.framework */,
				009BFD631C48FA9000B1E370 /* FormValidatorSwiftTests tvOS.xctest */,
				008E72E01E1FDC0A0013E24E /* FormValidatorSwift.framework */,
				008E72E21E1FDC0A0013E24E /* FormValidatorSwiftTests macOS.xctest */,
			);
			name = Products;
			sourceTree = "<group>";
		};
/* End PBXGroup section */

/* Begin PBXNativeTarget section */
		003698401C4788B1004D1692 /* iOS Example */ = {
			isa = PBXNativeTarget;
			buildConfigurationList = 0036985E1C4788B1004D1692 /* Build configuration list for PBXNativeTarget "iOS Example" */;
			buildPhases = (
				0036983D1C4788B1004D1692 /* Sources */,
				0036983E1C4788B1004D1692 /* Frameworks */,
				0036983F1C4788B1004D1692 /* Resources */,
				004913941C479B1900471F53 /* Embed Frameworks */,
				0049139A1C47A89100471F53 /* SwiftLint */,
			);
			buildRules = (
			);
			dependencies = (
				004913931C479B1900471F53 /* PBXTargetDependency */,
			);
			name = "iOS Example";
			productName = "iOS Example";
			productReference = 003698411C4788B1004D1692 /* iOS Example.app */;
			productType = "com.apple.product-type.application";
		};
		003698541C4788B1004D1692 /* iOS ExampleUITests */ = {
			isa = PBXNativeTarget;
			buildConfigurationList = 003698611C4788B1004D1692 /* Build configuration list for PBXNativeTarget "iOS ExampleUITests" */;
			buildPhases = (
				003698511C4788B1004D1692 /* Sources */,
				003698521C4788B1004D1692 /* Frameworks */,
				003698531C4788B1004D1692 /* Resources */,
			);
			buildRules = (
			);
			dependencies = (
				003698571C4788B1004D1692 /* PBXTargetDependency */,
			);
			name = "iOS ExampleUITests";
			productName = "iOS ExampleUITests";
			productReference = 003698551C4788B1004D1692 /* iOS ExampleUITests.xctest */;
			productType = "com.apple.product-type.bundle.ui-testing";
		};
/* End PBXNativeTarget section */

/* Begin PBXProject section */
		003698391C4788B1004D1692 /* Project object */ = {
			isa = PBXProject;
			attributes = {
				LastSwiftUpdateCheck = 0720;
				LastUpgradeCheck = 0930;
				ORGANIZATIONNAME = ustwo;
				TargetAttributes = {
					003698401C4788B1004D1692 = {
						CreatedOnToolsVersion = 7.2;
						LastSwiftMigration = 0910;
					};
					003698541C4788B1004D1692 = {
						CreatedOnToolsVersion = 7.2;
						LastSwiftMigration = 0910;
						TestTargetID = 003698401C4788B1004D1692;
					};
				};
			};
			buildConfigurationList = 0036983C1C4788B1004D1692 /* Build configuration list for PBXProject "iOS Example" */;
			compatibilityVersion = "Xcode 3.2";
			developmentRegion = English;
			hasScannedForEncodings = 0;
			knownRegions = (
				en,
				Base,
			);
			mainGroup = 003698381C4788B1004D1692;
			productRefGroup = 003698421C4788B1004D1692 /* Products */;
			projectDirPath = "";
			projectReferences = (
				{
					ProductGroup = 004913881C479B1000471F53 /* Products */;
					ProjectRef = 004913871C479B1000471F53 /* FormValidatorSwift.xcodeproj */;
				},
			);
			projectRoot = "";
			targets = (
				003698401C4788B1004D1692 /* iOS Example */,
				003698541C4788B1004D1692 /* iOS ExampleUITests */,
			);
		};
/* End PBXProject section */

/* Begin PBXReferenceProxy section */
		0049138D1C479B1000471F53 /* FormValidatorSwift.framework */ = {
			isa = PBXReferenceProxy;
			fileType = wrapper.framework;
			path = FormValidatorSwift.framework;
			remoteRef = 0049138C1C479B1000471F53 /* PBXContainerItemProxy */;
			sourceTree = BUILT_PRODUCTS_DIR;
		};
		0049138F1C479B1000471F53 /* FormValidatorSwiftTests iOS.xctest */ = {
			isa = PBXReferenceProxy;
			fileType = wrapper.cfbundle;
			path = "FormValidatorSwiftTests iOS.xctest";
			remoteRef = 0049138E1C479B1000471F53 /* PBXContainerItemProxy */;
			sourceTree = BUILT_PRODUCTS_DIR;
		};
		008E72E01E1FDC0A0013E24E /* FormValidatorSwift.framework */ = {
			isa = PBXReferenceProxy;
			fileType = wrapper.framework;
			path = FormValidatorSwift.framework;
			remoteRef = 008E72DF1E1FDC0A0013E24E /* PBXContainerItemProxy */;
			sourceTree = BUILT_PRODUCTS_DIR;
		};
		008E72E21E1FDC0A0013E24E /* FormValidatorSwiftTests macOS.xctest */ = {
			isa = PBXReferenceProxy;
			fileType = wrapper.cfbundle;
			path = "FormValidatorSwiftTests macOS.xctest";
			remoteRef = 008E72E11E1FDC0A0013E24E /* PBXContainerItemProxy */;
			sourceTree = BUILT_PRODUCTS_DIR;
		};
		009BFD611C48FA9000B1E370 /* FormValidatorSwift.framework */ = {
			isa = PBXReferenceProxy;
			fileType = wrapper.framework;
			path = FormValidatorSwift.framework;
			remoteRef = 009BFD601C48FA9000B1E370 /* PBXContainerItemProxy */;
			sourceTree = BUILT_PRODUCTS_DIR;
		};
		009BFD631C48FA9000B1E370 /* FormValidatorSwiftTests tvOS.xctest */ = {
			isa = PBXReferenceProxy;
			fileType = wrapper.cfbundle;
			path = "FormValidatorSwiftTests tvOS.xctest";
			remoteRef = 009BFD621C48FA9000B1E370 /* PBXContainerItemProxy */;
			sourceTree = BUILT_PRODUCTS_DIR;
		};
/* End PBXReferenceProxy section */

/* Begin PBXResourcesBuildPhase section */
		0036983F1C4788B1004D1692 /* Resources */ = {
			isa = PBXResourcesBuildPhase;
			buildActionMask = 2147483647;
			files = (
				0036986B1C478957004D1692 /* Assets.xcassets in Resources */,
				003698711C478988004D1692 /* LaunchScreen.storyboard in Resources */,
			);
			runOnlyForDeploymentPostprocessing = 0;
		};
		003698531C4788B1004D1692 /* Resources */ = {
			isa = PBXResourcesBuildPhase;
			buildActionMask = 2147483647;
			files = (
			);
			runOnlyForDeploymentPostprocessing = 0;
		};
/* End PBXResourcesBuildPhase section */

/* Begin PBXShellScriptBuildPhase section */
		0049139A1C47A89100471F53 /* SwiftLint */ = {
			isa = PBXShellScriptBuildPhase;
			buildActionMask = 2147483647;
			files = (
			);
			inputPaths = (
			);
			name = SwiftLint;
			outputPaths = (
			);
			runOnlyForDeploymentPostprocessing = 0;
			shellPath = /bin/sh;
			shellScript = "${SRCROOT}/Scripts/swiftlint_xcode.sh";
		};
/* End PBXShellScriptBuildPhase section */

/* Begin PBXSourcesBuildPhase section */
		0036983D1C4788B1004D1692 /* Sources */ = {
			isa = PBXSourcesBuildPhase;
			buildActionMask = 2147483647;
			files = (
				0036987F1C478BA4004D1692 /* FormViewController.swift in Sources */,
				009BFD651C48FA9B00B1E370 /* FormEntryView.swift in Sources */,
				0036987E1C478B31004D1692 /* FormView.swift in Sources */,
				004913981C47A84C00471F53 /* FormAccessibility.swift in Sources */,
				0036986A1C478957004D1692 /* AppDelegate.swift in Sources */,
			);
			runOnlyForDeploymentPostprocessing = 0;
		};
		003698511C4788B1004D1692 /* Sources */ = {
			isa = PBXSourcesBuildPhase;
			buildActionMask = 2147483647;
			files = (
				004913991C47A84C00471F53 /* FormAccessibility.swift in Sources */,
				004913961C47A7F000471F53 /* FormTests.swift in Sources */,
			);
			runOnlyForDeploymentPostprocessing = 0;
		};
/* End PBXSourcesBuildPhase section */

/* Begin PBXTargetDependency section */
		003698571C4788B1004D1692 /* PBXTargetDependency */ = {
			isa = PBXTargetDependency;
			target = 003698401C4788B1004D1692 /* iOS Example */;
			targetProxy = 003698561C4788B1004D1692 /* PBXContainerItemProxy */;
		};
		004913931C479B1900471F53 /* PBXTargetDependency */ = {
			isa = PBXTargetDependency;
			name = FormValidatorSwift;
			targetProxy = 004913921C479B1900471F53 /* PBXContainerItemProxy */;
		};
/* End PBXTargetDependency section */

/* Begin XCBuildConfiguration section */
		0036985C1C4788B1004D1692 /* Debug */ = {
			isa = XCBuildConfiguration;
			buildSettings = {
				ALWAYS_SEARCH_USER_PATHS = NO;
				CLANG_CXX_LANGUAGE_STANDARD = "gnu++0x";
				CLANG_CXX_LIBRARY = "libc++";
				CLANG_ENABLE_MODULES = YES;
				CLANG_ENABLE_OBJC_ARC = YES;
				CLANG_WARN_BLOCK_CAPTURE_AUTORELEASING = YES;
				CLANG_WARN_BOOL_CONVERSION = YES;
				CLANG_WARN_COMMA = YES;
				CLANG_WARN_CONSTANT_CONVERSION = YES;
				CLANG_WARN_DEPRECATED_OBJC_IMPLEMENTATIONS = YES;
				CLANG_WARN_DIRECT_OBJC_ISA_USAGE = YES_ERROR;
				CLANG_WARN_EMPTY_BODY = YES;
				CLANG_WARN_ENUM_CONVERSION = YES;
				CLANG_WARN_INFINITE_RECURSION = YES;
				CLANG_WARN_INT_CONVERSION = YES;
				CLANG_WARN_NON_LITERAL_NULL_CONVERSION = YES;
				CLANG_WARN_OBJC_IMPLICIT_RETAIN_SELF = YES;
				CLANG_WARN_OBJC_LITERAL_CONVERSION = YES;
				CLANG_WARN_OBJC_ROOT_CLASS = YES_ERROR;
				CLANG_WARN_RANGE_LOOP_ANALYSIS = YES;
				CLANG_WARN_STRICT_PROTOTYPES = YES;
				CLANG_WARN_SUSPICIOUS_MOVE = YES;
				CLANG_WARN_UNREACHABLE_CODE = YES;
				CLANG_WARN__DUPLICATE_METHOD_MATCH = YES;
				"CODE_SIGN_IDENTITY[sdk=iphoneos*]" = "iPhone Developer";
				COPY_PHASE_STRIP = NO;
				DEBUG_INFORMATION_FORMAT = dwarf;
				ENABLE_STRICT_OBJC_MSGSEND = YES;
				ENABLE_TESTABILITY = YES;
				GCC_C_LANGUAGE_STANDARD = gnu99;
				GCC_DYNAMIC_NO_PIC = NO;
				GCC_NO_COMMON_BLOCKS = YES;
				GCC_OPTIMIZATION_LEVEL = 0;
				GCC_PREPROCESSOR_DEFINITIONS = (
					"DEBUG=1",
					"$(inherited)",
				);
				GCC_WARN_64_TO_32_BIT_CONVERSION = YES;
				GCC_WARN_ABOUT_RETURN_TYPE = YES_ERROR;
				GCC_WARN_UNDECLARED_SELECTOR = YES;
				GCC_WARN_UNINITIALIZED_AUTOS = YES_AGGRESSIVE;
				GCC_WARN_UNUSED_FUNCTION = YES;
				GCC_WARN_UNUSED_VARIABLE = YES;
				IPHONEOS_DEPLOYMENT_TARGET = 9.2;
				MTL_ENABLE_DEBUG_INFO = YES;
				ONLY_ACTIVE_ARCH = YES;
				SDKROOT = iphoneos;
				SWIFT_OPTIMIZATION_LEVEL = "-Onone";
				SWIFT_VERSION = 3.0;
				TARGETED_DEVICE_FAMILY = "1,2";
			};
			name = Debug;
		};
		0036985D1C4788B1004D1692 /* Release */ = {
			isa = XCBuildConfiguration;
			buildSettings = {
				ALWAYS_SEARCH_USER_PATHS = NO;
				CLANG_CXX_LANGUAGE_STANDARD = "gnu++0x";
				CLANG_CXX_LIBRARY = "libc++";
				CLANG_ENABLE_MODULES = YES;
				CLANG_ENABLE_OBJC_ARC = YES;
				CLANG_WARN_BLOCK_CAPTURE_AUTORELEASING = YES;
				CLANG_WARN_BOOL_CONVERSION = YES;
				CLANG_WARN_COMMA = YES;
				CLANG_WARN_CONSTANT_CONVERSION = YES;
				CLANG_WARN_DEPRECATED_OBJC_IMPLEMENTATIONS = YES;
				CLANG_WARN_DIRECT_OBJC_ISA_USAGE = YES_ERROR;
				CLANG_WARN_EMPTY_BODY = YES;
				CLANG_WARN_ENUM_CONVERSION = YES;
				CLANG_WARN_INFINITE_RECURSION = YES;
				CLANG_WARN_INT_CONVERSION = YES;
				CLANG_WARN_NON_LITERAL_NULL_CONVERSION = YES;
				CLANG_WARN_OBJC_IMPLICIT_RETAIN_SELF = YES;
				CLANG_WARN_OBJC_LITERAL_CONVERSION = YES;
				CLANG_WARN_OBJC_ROOT_CLASS = YES_ERROR;
				CLANG_WARN_RANGE_LOOP_ANALYSIS = YES;
				CLANG_WARN_STRICT_PROTOTYPES = YES;
				CLANG_WARN_SUSPICIOUS_MOVE = YES;
				CLANG_WARN_UNREACHABLE_CODE = YES;
				CLANG_WARN__DUPLICATE_METHOD_MATCH = YES;
				"CODE_SIGN_IDENTITY[sdk=iphoneos*]" = "iPhone Developer";
				COPY_PHASE_STRIP = NO;
				DEBUG_INFORMATION_FORMAT = "dwarf-with-dsym";
				ENABLE_NS_ASSERTIONS = NO;
				ENABLE_STRICT_OBJC_MSGSEND = YES;
				GCC_C_LANGUAGE_STANDARD = gnu99;
				GCC_NO_COMMON_BLOCKS = YES;
				GCC_WARN_64_TO_32_BIT_CONVERSION = YES;
				GCC_WARN_ABOUT_RETURN_TYPE = YES_ERROR;
				GCC_WARN_UNDECLARED_SELECTOR = YES;
				GCC_WARN_UNINITIALIZED_AUTOS = YES_AGGRESSIVE;
				GCC_WARN_UNUSED_FUNCTION = YES;
				GCC_WARN_UNUSED_VARIABLE = YES;
				IPHONEOS_DEPLOYMENT_TARGET = 9.2;
				MTL_ENABLE_DEBUG_INFO = NO;
				SDKROOT = iphoneos;
				SWIFT_OPTIMIZATION_LEVEL = "-Owholemodule";
				SWIFT_VERSION = 3.0;
				TARGETED_DEVICE_FAMILY = "1,2";
				VALIDATE_PRODUCT = YES;
			};
			name = Release;
		};
		0036985F1C4788B1004D1692 /* Debug */ = {
			isa = XCBuildConfiguration;
			buildSettings = {
				ALWAYS_EMBED_SWIFT_STANDARD_LIBRARIES = YES;
				ASSETCATALOG_COMPILER_APPICON_NAME = AppIcon;
				CLANG_ENABLE_MODULES = YES;
				FRAMEWORK_SEARCH_PATHS = "";
				INFOPLIST_FILE = "$(SRCROOT)/Example/iOS/Info.plist";
				LD_RUNPATH_SEARCH_PATHS = "$(inherited) @executable_path/Frameworks";
				PRODUCT_BUNDLE_IDENTIFIER = "com.ustwo.iOS-Example";
				PRODUCT_NAME = "$(TARGET_NAME)";
				SWIFT_OPTIMIZATION_LEVEL = "-Onone";
				SWIFT_VERSION = 4.0;
			};
			name = Debug;
		};
		003698601C4788B1004D1692 /* Release */ = {
			isa = XCBuildConfiguration;
			buildSettings = {
				ALWAYS_EMBED_SWIFT_STANDARD_LIBRARIES = YES;
				ASSETCATALOG_COMPILER_APPICON_NAME = AppIcon;
				CLANG_ENABLE_MODULES = YES;
				FRAMEWORK_SEARCH_PATHS = "";
				INFOPLIST_FILE = "$(SRCROOT)/Example/iOS/Info.plist";
				LD_RUNPATH_SEARCH_PATHS = "$(inherited) @executable_path/Frameworks";
				PRODUCT_BUNDLE_IDENTIFIER = "com.ustwo.iOS-Example";
				PRODUCT_NAME = "$(TARGET_NAME)";
				SWIFT_VERSION = 4.0;
			};
			name = Release;
		};
		003698621C4788B1004D1692 /* Debug */ = {
			isa = XCBuildConfiguration;
			buildSettings = {
				CLANG_ENABLE_MODULES = YES;
				INFOPLIST_FILE = "Tests/UI Tests/iOS/Info.plist";
				LD_RUNPATH_SEARCH_PATHS = "$(inherited) @executable_path/Frameworks @loader_path/Frameworks";
				PRODUCT_BUNDLE_IDENTIFIER = "com.ustwo.iOS-ExampleUITests";
				PRODUCT_NAME = "$(TARGET_NAME)";
				SWIFT_OPTIMIZATION_LEVEL = "-Onone";
				SWIFT_VERSION = 4.0;
				TEST_TARGET_NAME = "iOS Example";
				USES_XCTRUNNER = YES;
			};
			name = Debug;
		};
		003698631C4788B1004D1692 /* Release */ = {
			isa = XCBuildConfiguration;
			buildSettings = {
				CLANG_ENABLE_MODULES = YES;
				INFOPLIST_FILE = "Tests/UI Tests/iOS/Info.plist";
				LD_RUNPATH_SEARCH_PATHS = "$(inherited) @executable_path/Frameworks @loader_path/Frameworks";
				PRODUCT_BUNDLE_IDENTIFIER = "com.ustwo.iOS-ExampleUITests";
				PRODUCT_NAME = "$(TARGET_NAME)";
				SWIFT_VERSION = 4.0;
				TEST_TARGET_NAME = "iOS Example";
				USES_XCTRUNNER = YES;
			};
			name = Release;
		};
/* End XCBuildConfiguration section */

/* Begin XCConfigurationList section */
		0036983C1C4788B1004D1692 /* Build configuration list for PBXProject "iOS Example" */ = {
			isa = XCConfigurationList;
			buildConfigurations = (
				0036985C1C4788B1004D1692 /* Debug */,
				0036985D1C4788B1004D1692 /* Release */,
			);
			defaultConfigurationIsVisible = 0;
			defaultConfigurationName = Release;
		};
		0036985E1C4788B1004D1692 /* Build configuration list for PBXNativeTarget "iOS Example" */ = {
			isa = XCConfigurationList;
			buildConfigurations = (
				0036985F1C4788B1004D1692 /* Debug */,
				003698601C4788B1004D1692 /* Release */,
			);
			defaultConfigurationIsVisible = 0;
			defaultConfigurationName = Release;
		};
		003698611C4788B1004D1692 /* Build configuration list for PBXNativeTarget "iOS ExampleUITests" */ = {
			isa = XCConfigurationList;
			buildConfigurations = (
				003698621C4788B1004D1692 /* Debug */,
				003698631C4788B1004D1692 /* Release */,
			);
			defaultConfigurationIsVisible = 0;
			defaultConfigurationName = Release;
		};
/* End XCConfigurationList section */
	};
	rootObject = 003698391C4788B1004D1692 /* Project object */;
}
